
Microsoft Visual Studio Solution File, Format Version 12.00
# Visual Studio 14
VisualStudioVersion = 14.0.23107.0
MinimumVisualStudioVersion = 10.0.40219.1
Project("{FAE04EC0-301F-11D3-BF4B-00C04F79EFBC}") = "EmployeeService", "EmployeeService\EmployeeService.csproj", "{7FFC4FDF-26E0-4510-AC9C-2D698769FF0F}"
EndProject
Project("{FAE04EC0-301F-11D3-BF4B-00C04F79EFBC}") = "EmployeeClient", "EmployeeClient\EmployeeClient.csproj", "{B2CF7A84-3F8F-49BD-AD32-632C32E4445E}"
	ProjectSection(ProjectDependencies) = postProject
		{7FFC4FDF-26E0-4510-AC9C-2D698769FF0F} = {7FFC4FDF-26E0-4510-AC9C-2D698769FF0F}
	EndProjectSection
EndProject
Global
	GlobalSection(SolutionConfigurationPlatforms) = preSolution
		Debug|Any CPU = Debug|Any CPU
		Release|Any CPU = Release|Any CPU
	EndGlobalSection
	GlobalSection(ProjectConfigurationPlatforms) = postSolution
		{7FFC4FDF-26E0-4510-AC9C-2D698769FF0F}.Debug|Any CPU.ActiveCfg = Debug|Any CPU
		{7FFC4FDF-26E0-4510-AC9C-2D698769FF0F}.Debug|Any CPU.Build.0 = Debug|Any CPU
		{7FFC4FDF-26E0-4510-AC9C-2D698769FF0F}.Release|Any CPU.ActiveCfg = Release|Any CPU
		{7FFC4FDF-26E0-4510-AC9C-2D698769FF0F}.Release|Any CPU.Build.0 = Release|Any CPU
		{B2CF7A84-3F8F-49BD-AD32-632C32E4445E}.Debug|Any CPU.ActiveCfg = Debug|Any CPU
		{B2CF7A84-3F8F-49BD-AD32-632C32E4445E}.Debug|Any CPU.Build.0 = Debug|Any CPU
		{B2CF7A84-3F8F-49BD-AD32-632C32E4445E}.Release|Any CPU.ActiveCfg = Release|Any CPU
		{B2CF7A84-3F8F-49BD-AD32-632C32E4445E}.Release|Any CPU.Build.0 = Release|Any CPU
	EndGlobalSection
	GlobalSection(SolutionProperties) = preSolution
		HideSolutionNode = FALSE
	EndGlobalSection
EndGlobal
