
Microsoft Visual Studio Solution File, Format Version 12.00
# Visual Studio 14
VisualStudioVersion = 14.0.23107.0
MinimumVisualStudioVersion = 10.0.40219.1
Project("{FAE04EC0-301F-11D3-BF4B-00C04F79EFBC}") = "WeatherService", "Labb1.asmx\WeatherService.csproj", "{5B100939-8927-421A-B5E2-FF293D110EA0}"
EndProject
Project("{FAE04EC0-301F-11D3-BF4B-00C04F79EFBC}") = "Client", "Client\Client.csproj", "{4412BB19-2E80-4549-880A-555B9C18DD69}"
	ProjectSection(ProjectDependencies) = postProject
		{9F346803-A0BB-4B6C-B62E-10A466242E5E} = {9F346803-A0BB-4B6C-B62E-10A466242E5E}
		{5B100939-8927-421A-B5E2-FF293D110EA0} = {5B100939-8927-421A-B5E2-FF293D110EA0}
		{1FBA7690-AB6B-4D00-B366-22580B45421D} = {1FBA7690-AB6B-4D00-B366-22580B45421D}
	EndProjectSection
EndProject
Project("{FAE04EC0-301F-11D3-BF4B-00C04F79EFBC}") = "AddTwoNumbersService", "AddTwoNumbersService\AddTwoNumbersService.csproj", "{9F346803-A0BB-4B6C-B62E-10A466242E5E}"
EndProject
Project("{FAE04EC0-301F-11D3-BF4B-00C04F79EFBC}") = "AddThreeNumbersService", "AddThreeNumbersService\AddThreeNumbersService.csproj", "{1FBA7690-AB6B-4D00-B366-22580B45421D}"
EndProject
Project("{FAE04EC0-301F-11D3-BF4B-00C04F79EFBC}") = "SubtractTwoNumbersService", "SubtractTwoNumbersService\SubtractTwoNumbersService.csproj", "{A77F3334-2632-45F5-988C-9E5F8E52AD80}"
EndProject
Global
	GlobalSection(SolutionConfigurationPlatforms) = preSolution
		Debug|Any CPU = Debug|Any CPU
		Release|Any CPU = Release|Any CPU
	EndGlobalSection
	GlobalSection(ProjectConfigurationPlatforms) = postSolution
		{5B100939-8927-421A-B5E2-FF293D110EA0}.Debug|Any CPU.ActiveCfg = Debug|Any CPU
		{5B100939-8927-421A-B5E2-FF293D110EA0}.Debug|Any CPU.Build.0 = Debug|Any CPU
		{5B100939-8927-421A-B5E2-FF293D110EA0}.Release|Any CPU.ActiveCfg = Release|Any CPU
		{5B100939-8927-421A-B5E2-FF293D110EA0}.Release|Any CPU.Build.0 = Release|Any CPU
		{4412BB19-2E80-4549-880A-555B9C18DD69}.Debug|Any CPU.ActiveCfg = Debug|Any CPU
		{4412BB19-2E80-4549-880A-555B9C18DD69}.Debug|Any CPU.Build.0 = Debug|Any CPU
		{4412BB19-2E80-4549-880A-555B9C18DD69}.Release|Any CPU.ActiveCfg = Release|Any CPU
		{4412BB19-2E80-4549-880A-555B9C18DD69}.Release|Any CPU.Build.0 = Release|Any CPU
		{9F346803-A0BB-4B6C-B62E-10A466242E5E}.Debug|Any CPU.ActiveCfg = Debug|Any CPU
		{9F346803-A0BB-4B6C-B62E-10A466242E5E}.Debug|Any CPU.Build.0 = Debug|Any CPU
		{9F346803-A0BB-4B6C-B62E-10A466242E5E}.Release|Any CPU.ActiveCfg = Release|Any CPU
		{9F346803-A0BB-4B6C-B62E-10A466242E5E}.Release|Any CPU.Build.0 = Release|Any CPU
		{1FBA7690-AB6B-4D00-B366-22580B45421D}.Debug|Any CPU.ActiveCfg = Debug|Any CPU
		{1FBA7690-AB6B-4D00-B366-22580B45421D}.Debug|Any CPU.Build.0 = Debug|Any CPU
		{1FBA7690-AB6B-4D00-B366-22580B45421D}.Release|Any CPU.ActiveCfg = Release|Any CPU
		{1FBA7690-AB6B-4D00-B366-22580B45421D}.Release|Any CPU.Build.0 = Release|Any CPU
		{A77F3334-2632-45F5-988C-9E5F8E52AD80}.Debug|Any CPU.ActiveCfg = Debug|Any CPU
		{A77F3334-2632-45F5-988C-9E5F8E52AD80}.Debug|Any CPU.Build.0 = Debug|Any CPU
		{A77F3334-2632-45F5-988C-9E5F8E52AD80}.Release|Any CPU.ActiveCfg = Release|Any CPU
		{A77F3334-2632-45F5-988C-9E5F8E52AD80}.Release|Any CPU.Build.0 = Release|Any CPU
	EndGlobalSection
	GlobalSection(SolutionProperties) = preSolution
		HideSolutionNode = FALSE
	EndGlobalSection
EndGlobal
